
Microsoft Visual Studio Solution File, Format Version 12.00
# Visual Studio 15
VisualStudioVersion = 15.0.26124.0
MinimumVisualStudioVersion = 15.0.26124.0
Project("{2150E333-8FDC-42A3-9474-1A3956D46DE8}") = "src", "src", "{8AC31327-0721-479D-B1D3-448951B5B630}"
EndProject
Project("{F2A71F9B-5D33-465A-A702-920D77279786}") = "Library", "src\Library\Library.fsproj", "{7781D409-2DBA-4E97-AD95-A781524D706F}"
EndProject
Project("{F2A71F9B-5D33-465A-A702-920D77279786}") = "App", "src\App\App.fsproj", "{0DAFE615-BE7E-4214-A897-0C88540915F5}"
EndProject
Global
	GlobalSection(SolutionConfigurationPlatforms) = preSolution
		Debug|Any CPU = Debug|Any CPU
		Debug|x64 = Debug|x64
		Debug|x86 = Debug|x86
		Release|Any CPU = Release|Any CPU
		Release|x64 = Release|x64
		Release|x86 = Release|x86
	EndGlobalSection
	GlobalSection(SolutionProperties) = preSolution
		HideSolutionNode = FALSE
	EndGlobalSection
	GlobalSection(ProjectConfigurationPlatforms) = postSolution
		{7781D409-2DBA-4E97-AD95-A781524D706F}.Debug|Any CPU.ActiveCfg = Debug|Any CPU
		{7781D409-2DBA-4E97-AD95-A781524D706F}.Debug|Any CPU.Build.0 = Debug|Any CPU
		{7781D409-2DBA-4E97-AD95-A781524D706F}.Debug|x64.ActiveCfg = Debug|x64
		{7781D409-2DBA-4E97-AD95-A781524D706F}.Debug|x64.Build.0 = Debug|x64
		{7781D409-2DBA-4E97-AD95-A781524D706F}.Debug|x86.ActiveCfg = Debug|x86
		{7781D409-2DBA-4E97-AD95-A781524D706F}.Debug|x86.Build.0 = Debug|x86
		{7781D409-2DBA-4E97-AD95-A781524D706F}.Release|Any CPU.ActiveCfg = Release|Any CPU
		{7781D409-2DBA-4E97-AD95-A781524D706F}.Release|Any CPU.Build.0 = Release|Any CPU
		{7781D409-2DBA-4E97-AD95-A781524D706F}.Release|x64.ActiveCfg = Release|x64
		{7781D409-2DBA-4E97-AD95-A781524D706F}.Release|x64.Build.0 = Release|x64
		{7781D409-2DBA-4E97-AD95-A781524D706F}.Release|x86.ActiveCfg = Release|x86
		{7781D409-2DBA-4E97-AD95-A781524D706F}.Release|x86.Build.0 = Release|x86
		{0DAFE615-BE7E-4214-A897-0C88540915F5}.Debug|Any CPU.ActiveCfg = Debug|Any CPU
		{0DAFE615-BE7E-4214-A897-0C88540915F5}.Debug|Any CPU.Build.0 = Debug|Any CPU
		{0DAFE615-BE7E-4214-A897-0C88540915F5}.Debug|x64.ActiveCfg = Debug|x64
		{0DAFE615-BE7E-4214-A897-0C88540915F5}.Debug|x64.Build.0 = Debug|x64
		{0DAFE615-BE7E-4214-A897-0C88540915F5}.Debug|x86.ActiveCfg = Debug|x86
		{0DAFE615-BE7E-4214-A897-0C88540915F5}.Debug|x86.Build.0 = Debug|x86
		{0DAFE615-BE7E-4214-A897-0C88540915F5}.Release|Any CPU.ActiveCfg = Release|Any CPU
		{0DAFE615-BE7E-4214-A897-0C88540915F5}.Release|Any CPU.Build.0 = Release|Any CPU
		{0DAFE615-BE7E-4214-A897-0C88540915F5}.Release|x64.ActiveCfg = Release|x64
		{0DAFE615-BE7E-4214-A897-0C88540915F5}.Release|x64.Build.0 = Release|x64
		{0DAFE615-BE7E-4214-A897-0C88540915F5}.Release|x86.ActiveCfg = Release|x86
		{0DAFE615-BE7E-4214-A897-0C88540915F5}.Release|x86.Build.0 = Release|x86
	EndGlobalSection
	GlobalSection(NestedProjects) = preSolution
		{7781D409-2DBA-4E97-AD95-A781524D706F} = {8AC31327-0721-479D-B1D3-448951B5B630}
		{0DAFE615-BE7E-4214-A897-0C88540915F5} = {8AC31327-0721-479D-B1D3-448951B5B630}
	EndGlobalSection
EndGlobal
